
Microsoft Visual Studio Solution File, Format Version 12.00
# Visual Studio 15
VisualStudioVersion = 15.0.27130.0
MinimumVisualStudioVersion = 10.0.40219.1
Project("{FAE04EC0-301F-11D3-BF4B-00C04F79EFBC}") = "OperadoresAritmeticos", "OperadoresAritmeticos\OperadoresAritmeticos.csproj", "{F944BF20-63D7-4E6D-8686-99E1B8877C59}"
EndProject
Global
	GlobalSection(SolutionConfigurationPlatforms) = preSolution
		Debug|Any CPU = Debug|Any CPU
		Release|Any CPU = Release|Any CPU
	EndGlobalSection
	GlobalSection(ProjectConfigurationPlatforms) = postSolution
		{F944BF20-63D7-4E6D-8686-99E1B8877C59}.Debug|Any CPU.ActiveCfg = Debug|Any CPU
		{F944BF20-63D7-4E6D-8686-99E1B8877C59}.Debug|Any CPU.Build.0 = Debug|Any CPU
		{F944BF20-63D7-4E6D-8686-99E1B8877C59}.Release|Any CPU.ActiveCfg = Release|Any CPU
		{F944BF20-63D7-4E6D-8686-99E1B8877C59}.Release|Any CPU.Build.0 = Release|Any CPU
	EndGlobalSection
	GlobalSection(SolutionProperties) = preSolution
		HideSolutionNode = FALSE
	EndGlobalSection
	GlobalSection(ExtensibilityGlobals) = postSolution
		SolutionGuid = {0F7D4847-2DFA-4412-BA04-7CBDB2668198}
	EndGlobalSection
EndGlobal
